
Microsoft Visual Studio Solution File, Format Version 12.00
# Visual Studio Version 17
VisualStudioVersion = 17.5.33627.172
MinimumVisualStudioVersion = 10.0.40219.1
Project("{9A19103F-16F7-4668-BE54-9A1E7A4F7556}") = "Introduction Day 1 20-09-2023", "Introduction Day 1 20-09-2023.csproj", "{67A30CED-D00E-423F-A065-19C4C0DEE027}"
EndProject
Project("{FAE04EC0-301F-11D3-BF4B-00C04F79EFBC}") = "EXCERCISE", "..\EXCERCISE\EXCERCISE.csproj", "{F7415BE2-E1C4-469D-B6AC-502602EC3A41}"
EndProject
Global
	GlobalSection(SolutionConfigurationPlatforms) = preSolution
		Debug|Any CPU = Debug|Any CPU
		Release|Any CPU = Release|Any CPU
	EndGlobalSection
	GlobalSection(ProjectConfigurationPlatforms) = postSolution
		{67A30CED-D00E-423F-A065-19C4C0DEE027}.Debug|Any CPU.ActiveCfg = Debug|Any CPU
		{67A30CED-D00E-423F-A065-19C4C0DEE027}.Debug|Any CPU.Build.0 = Debug|Any CPU
		{67A30CED-D00E-423F-A065-19C4C0DEE027}.Release|Any CPU.ActiveCfg = Release|Any CPU
		{67A30CED-D00E-423F-A065-19C4C0DEE027}.Release|Any CPU.Build.0 = Release|Any CPU
		{F7415BE2-E1C4-469D-B6AC-502602EC3A41}.Debug|Any CPU.ActiveCfg = Debug|Any CPU
		{F7415BE2-E1C4-469D-B6AC-502602EC3A41}.Debug|Any CPU.Build.0 = Debug|Any CPU
		{F7415BE2-E1C4-469D-B6AC-502602EC3A41}.Release|Any CPU.ActiveCfg = Release|Any CPU
		{F7415BE2-E1C4-469D-B6AC-502602EC3A41}.Release|Any CPU.Build.0 = Release|Any CPU
	EndGlobalSection
	GlobalSection(SolutionProperties) = preSolution
		HideSolutionNode = FALSE
	EndGlobalSection
	GlobalSection(ExtensibilityGlobals) = postSolution
		SolutionGuid = {72275C37-3404-4A76-906D-486FA04EAC83}
	EndGlobalSection
EndGlobal
